
Microsoft Visual Studio Solution File, Format Version 12.00
# Visual Studio 15
VisualStudioVersion = 15.0.27428.2037
MinimumVisualStudioVersion = 10.0.40219.1
Project("{FAE04EC0-301F-11D3-BF4B-00C04F79EFBC}") = "MVC_29_Validation", "MVC_29_Validation\MVC_29_Validation.csproj", "{DB022408-420D-416C-8517-7FC4CF66EFE2}"
EndProject
Global
	GlobalSection(SolutionConfigurationPlatforms) = preSolution
		Debug|Any CPU = Debug|Any CPU
		Release|Any CPU = Release|Any CPU
	EndGlobalSection
	GlobalSection(ProjectConfigurationPlatforms) = postSolution
		{DB022408-420D-416C-8517-7FC4CF66EFE2}.Debug|Any CPU.ActiveCfg = Debug|Any CPU
		{DB022408-420D-416C-8517-7FC4CF66EFE2}.Debug|Any CPU.Build.0 = Debug|Any CPU
		{DB022408-420D-416C-8517-7FC4CF66EFE2}.Release|Any CPU.ActiveCfg = Release|Any CPU
		{DB022408-420D-416C-8517-7FC4CF66EFE2}.Release|Any CPU.Build.0 = Release|Any CPU
	EndGlobalSection
	GlobalSection(SolutionProperties) = preSolution
		HideSolutionNode = FALSE
	EndGlobalSection
	GlobalSection(ExtensibilityGlobals) = postSolution
		SolutionGuid = {C321EC7B-D046-41E9-97DC-9468CF9158FD}
	EndGlobalSection
EndGlobal
